// !$*UTF8*$!
{
	archiveVersion = 1;
	classes = {
	};
	objectVersion = 56;
	objects = {

/* Begin PBXBuildFile section */
		045673612A20F41F00D4DF87 /* FavoritesDBManager.swift in Sources */ = {isa = PBXBuildFile; fileRef = 045673602A20F41F00D4DF87 /* FavoritesDBManager.swift */; };
		045673632A21031C00D4DF87 /* RecipeItem.swift in Sources */ = {isa = PBXBuildFile; fileRef = 045673622A21031C00D4DF87 /* RecipeItem.swift */; };
		045673652A210C7D00D4DF87 /* FavoritesViewController.swift in Sources */ = {isa = PBXBuildFile; fileRef = 045673642A210C7D00D4DF87 /* FavoritesViewController.swift */; };
		047A89BB2A222D4200E36C2C /* Collection+Extension.swift in Sources */ = {isa = PBXBuildFile; fileRef = 047A89BA2A222D4200E36C2C /* Collection+Extension.swift */; };
		0483202D2A1F545400152A23 /* AppDelegate.swift in Sources */ = {isa = PBXBuildFile; fileRef = 0483202C2A1F545400152A23 /* AppDelegate.swift */; };
		0483202F2A1F545400152A23 /* SceneDelegate.swift in Sources */ = {isa = PBXBuildFile; fileRef = 0483202E2A1F545400152A23 /* SceneDelegate.swift */; };
		048320312A1F545400152A23 /* HomeViewController.swift in Sources */ = {isa = PBXBuildFile; fileRef = 048320302A1F545400152A23 /* HomeViewController.swift */; };
		048320342A1F545400152A23 /* Main.storyboard in Resources */ = {isa = PBXBuildFile; fileRef = 048320322A1F545400152A23 /* Main.storyboard */; };
		048320372A1F545400152A23 /* Recipes.xcdatamodeld in Sources */ = {isa = PBXBuildFile; fileRef = 048320352A1F545400152A23 /* Recipes.xcdatamodeld */; };
		048320392A1F545600152A23 /* Assets.xcassets in Resources */ = {isa = PBXBuildFile; fileRef = 048320382A1F545600152A23 /* Assets.xcassets */; };
		0483203C2A1F545600152A23 /* LaunchScreen.storyboard in Resources */ = {isa = PBXBuildFile; fileRef = 0483203A2A1F545600152A23 /* LaunchScreen.storyboard */; };
		048320472A1F545600152A23 /* RecipesTests.swift in Sources */ = {isa = PBXBuildFile; fileRef = 048320462A1F545600152A23 /* RecipesTests.swift */; };
		048320512A1F545600152A23 /* RecipesUITests.swift in Sources */ = {isa = PBXBuildFile; fileRef = 048320502A1F545600152A23 /* RecipesUITests.swift */; };
		048320532A1F545600152A23 /* RecipesUITestsLaunchTests.swift in Sources */ = {isa = PBXBuildFile; fileRef = 048320522A1F545600152A23 /* RecipesUITestsLaunchTests.swift */; };
		048C195B2A21EF8E0042F6A9 /* FavoritesViewModel.swift in Sources */ = {isa = PBXBuildFile; fileRef = 048C195A2A21EF8E0042F6A9 /* FavoritesViewModel.swift */; };
		049D248E2A20AB1200244427 /* RecipeCell.swift in Sources */ = {isa = PBXBuildFile; fileRef = 049D248C2A20AB1200244427 /* RecipeCell.swift */; };
		049D248F2A20AB1200244427 /* RecipeCell.xib in Resources */ = {isa = PBXBuildFile; fileRef = 049D248D2A20AB1200244427 /* RecipeCell.xib */; };
		646D2E7315CD2E17E84E699A /* Pods_Recipes_RecipesUITests.framework in Frameworks */ = {isa = PBXBuildFile; fileRef = 06D105B9800460FBCB591D0E /* Pods_Recipes_RecipesUITests.framework */; };
		84AE7F862F7ED1679ECCEC66 /* Pods_Recipes.framework in Frameworks */ = {isa = PBXBuildFile; fileRef = 21FA7EC611B197EB81B92820 /* Pods_Recipes.framework */; };
		B9F33E08A2E85DA3B8F257F8 /* Pods_RecipesTests.framework in Frameworks */ = {isa = PBXBuildFile; fileRef = B41B0A8EB91437DF5CC147FF /* Pods_RecipesTests.framework */; };
		E2B4DD632A20D5CA0044159B /* RecipesCategoriesModel.swift in Sources */ = {isa = PBXBuildFile; fileRef = E2B4DD622A20D5CA0044159B /* RecipesCategoriesModel.swift */; };
		E2C984CD2A21EBC100FA7792 /* ApiClient.swift in Sources */ = {isa = PBXBuildFile; fileRef = E2C984CC2A21EBC100FA7792 /* ApiClient.swift */; };
		E2C984CF2A21EBDC00FA7792 /* HomeViewModel.swift in Sources */ = {isa = PBXBuildFile; fileRef = E2C984CE2A21EBDC00FA7792 /* HomeViewModel.swift */; };
/* End PBXBuildFile section */

/* Begin PBXContainerItemProxy section */
		048320432A1F545600152A23 /* PBXContainerItemProxy */ = {
			isa = PBXContainerItemProxy;
			containerPortal = 048320212A1F545400152A23 /* Project object */;
			proxyType = 1;
			remoteGlobalIDString = 048320282A1F545400152A23;
			remoteInfo = Recipes;
		};
		0483204D2A1F545600152A23 /* PBXContainerItemProxy */ = {
			isa = PBXContainerItemProxy;
			containerPortal = 048320212A1F545400152A23 /* Project object */;
			proxyType = 1;
			remoteGlobalIDString = 048320282A1F545400152A23;
			remoteInfo = Recipes;
		};
/* End PBXContainerItemProxy section */

/* Begin PBXFileReference section */
		045673602A20F41F00D4DF87 /* FavoritesDBManager.swift */ = {isa = PBXFileReference; fileEncoding = 4; lastKnownFileType = sourcecode.swift; path = FavoritesDBManager.swift; sourceTree = "<group>"; };
		045673622A21031C00D4DF87 /* RecipeItem.swift */ = {isa = PBXFileReference; lastKnownFileType = sourcecode.swift; path = RecipeItem.swift; sourceTree = "<group>"; };
		045673642A210C7D00D4DF87 /* FavoritesViewController.swift */ = {isa = PBXFileReference; lastKnownFileType = sourcecode.swift; path = FavoritesViewController.swift; sourceTree = "<group>"; };
		047A89BA2A222D4200E36C2C /* Collection+Extension.swift */ = {isa = PBXFileReference; fileEncoding = 4; lastKnownFileType = sourcecode.swift; path = "Collection+Extension.swift"; sourceTree = "<group>"; };
		048320292A1F545400152A23 /* Recipes.app */ = {isa = PBXFileReference; explicitFileType = wrapper.application; includeInIndex = 0; path = Recipes.app; sourceTree = BUILT_PRODUCTS_DIR; };
		0483202C2A1F545400152A23 /* AppDelegate.swift */ = {isa = PBXFileReference; lastKnownFileType = sourcecode.swift; path = AppDelegate.swift; sourceTree = "<group>"; };
		0483202E2A1F545400152A23 /* SceneDelegate.swift */ = {isa = PBXFileReference; lastKnownFileType = sourcecode.swift; path = SceneDelegate.swift; sourceTree = "<group>"; };
		048320302A1F545400152A23 /* HomeViewController.swift */ = {isa = PBXFileReference; lastKnownFileType = sourcecode.swift; path = HomeViewController.swift; sourceTree = "<group>"; };
		048320332A1F545400152A23 /* Base */ = {isa = PBXFileReference; lastKnownFileType = file.storyboard; name = Base; path = Base.lproj/Main.storyboard; sourceTree = "<group>"; };
		048320362A1F545400152A23 /* Recipes.xcdatamodel */ = {isa = PBXFileReference; lastKnownFileType = wrapper.xcdatamodel; path = Recipes.xcdatamodel; sourceTree = "<group>"; };
		048320382A1F545600152A23 /* Assets.xcassets */ = {isa = PBXFileReference; lastKnownFileType = folder.assetcatalog; path = Assets.xcassets; sourceTree = "<group>"; };
		0483203B2A1F545600152A23 /* Base */ = {isa = PBXFileReference; lastKnownFileType = file.storyboard; name = Base; path = Base.lproj/LaunchScreen.storyboard; sourceTree = "<group>"; };
		0483203D2A1F545600152A23 /* Info.plist */ = {isa = PBXFileReference; lastKnownFileType = text.plist.xml; path = Info.plist; sourceTree = "<group>"; };
		048320422A1F545600152A23 /* RecipesTests.xctest */ = {isa = PBXFileReference; explicitFileType = wrapper.cfbundle; includeInIndex = 0; path = RecipesTests.xctest; sourceTree = BUILT_PRODUCTS_DIR; };
		048320462A1F545600152A23 /* RecipesTests.swift */ = {isa = PBXFileReference; lastKnownFileType = sourcecode.swift; path = RecipesTests.swift; sourceTree = "<group>"; };
		0483204C2A1F545600152A23 /* RecipesUITests.xctest */ = {isa = PBXFileReference; explicitFileType = wrapper.cfbundle; includeInIndex = 0; path = RecipesUITests.xctest; sourceTree = BUILT_PRODUCTS_DIR; };
		048320502A1F545600152A23 /* RecipesUITests.swift */ = {isa = PBXFileReference; lastKnownFileType = sourcecode.swift; path = RecipesUITests.swift; sourceTree = "<group>"; };
		048320522A1F545600152A23 /* RecipesUITestsLaunchTests.swift */ = {isa = PBXFileReference; lastKnownFileType = sourcecode.swift; path = RecipesUITestsLaunchTests.swift; sourceTree = "<group>"; };
		048C195A2A21EF8E0042F6A9 /* FavoritesViewModel.swift */ = {isa = PBXFileReference; lastKnownFileType = sourcecode.swift; path = FavoritesViewModel.swift; sourceTree = "<group>"; };
		049D248C2A20AB1200244427 /* RecipeCell.swift */ = {isa = PBXFileReference; lastKnownFileType = sourcecode.swift; path = RecipeCell.swift; sourceTree = "<group>"; };
		049D248D2A20AB1200244427 /* RecipeCell.xib */ = {isa = PBXFileReference; lastKnownFileType = file.xib; path = RecipeCell.xib; sourceTree = "<group>"; };
		06D105B9800460FBCB591D0E /* Pods_Recipes_RecipesUITests.framework */ = {isa = PBXFileReference; explicitFileType = wrapper.framework; includeInIndex = 0; path = Pods_Recipes_RecipesUITests.framework; sourceTree = BUILT_PRODUCTS_DIR; };
		0EC2CDCC8FA029C8C50F0983 /* Pods-Recipes-RecipesUITests.debug.xcconfig */ = {isa = PBXFileReference; includeInIndex = 1; lastKnownFileType = text.xcconfig; name = "Pods-Recipes-RecipesUITests.debug.xcconfig"; path = "Target Support Files/Pods-Recipes-RecipesUITests/Pods-Recipes-RecipesUITests.debug.xcconfig"; sourceTree = "<group>"; };
		11779A4D85CC545D18C34B2F /* Pods-Recipes.debug.xcconfig */ = {isa = PBXFileReference; includeInIndex = 1; lastKnownFileType = text.xcconfig; name = "Pods-Recipes.debug.xcconfig"; path = "Target Support Files/Pods-Recipes/Pods-Recipes.debug.xcconfig"; sourceTree = "<group>"; };
		143626485BF3E8C7730BA66D /* Pods-RecipesTests.debug.xcconfig */ = {isa = PBXFileReference; includeInIndex = 1; lastKnownFileType = text.xcconfig; name = "Pods-RecipesTests.debug.xcconfig"; path = "Target Support Files/Pods-RecipesTests/Pods-RecipesTests.debug.xcconfig"; sourceTree = "<group>"; };
		21FA7EC611B197EB81B92820 /* Pods_Recipes.framework */ = {isa = PBXFileReference; explicitFileType = wrapper.framework; includeInIndex = 0; path = Pods_Recipes.framework; sourceTree = BUILT_PRODUCTS_DIR; };
		4DCA4D1429C0B8F7675E120E /* Pods-Recipes.release.xcconfig */ = {isa = PBXFileReference; includeInIndex = 1; lastKnownFileType = text.xcconfig; name = "Pods-Recipes.release.xcconfig"; path = "Target Support Files/Pods-Recipes/Pods-Recipes.release.xcconfig"; sourceTree = "<group>"; };
		7A943470FC269E12A62A3BC6 /* Pods-Recipes-RecipesUITests.release.xcconfig */ = {isa = PBXFileReference; includeInIndex = 1; lastKnownFileType = text.xcconfig; name = "Pods-Recipes-RecipesUITests.release.xcconfig"; path = "Target Support Files/Pods-Recipes-RecipesUITests/Pods-Recipes-RecipesUITests.release.xcconfig"; sourceTree = "<group>"; };
		B41B0A8EB91437DF5CC147FF /* Pods_RecipesTests.framework */ = {isa = PBXFileReference; explicitFileType = wrapper.framework; includeInIndex = 0; path = Pods_RecipesTests.framework; sourceTree = BUILT_PRODUCTS_DIR; };
		E2B4DD622A20D5CA0044159B /* RecipesCategoriesModel.swift */ = {isa = PBXFileReference; lastKnownFileType = sourcecode.swift; path = RecipesCategoriesModel.swift; sourceTree = "<group>"; };
		E2C984CC2A21EBC100FA7792 /* ApiClient.swift */ = {isa = PBXFileReference; lastKnownFileType = sourcecode.swift; path = ApiClient.swift; sourceTree = "<group>"; };
		E2C984CE2A21EBDC00FA7792 /* HomeViewModel.swift */ = {isa = PBXFileReference; lastKnownFileType = sourcecode.swift; path = HomeViewModel.swift; sourceTree = "<group>"; };
		FC2BC71E05912AED86554247 /* Pods-RecipesTests.release.xcconfig */ = {isa = PBXFileReference; includeInIndex = 1; lastKnownFileType = text.xcconfig; name = "Pods-RecipesTests.release.xcconfig"; path = "Target Support Files/Pods-RecipesTests/Pods-RecipesTests.release.xcconfig"; sourceTree = "<group>"; };
/* End PBXFileReference section */

/* Begin PBXFrameworksBuildPhase section */
		048320262A1F545400152A23 /* Frameworks */ = {
			isa = PBXFrameworksBuildPhase;
			buildActionMask = 2147483647;
			files = (
				84AE7F862F7ED1679ECCEC66 /* Pods_Recipes.framework in Frameworks */,
			);
			runOnlyForDeploymentPostprocessing = 0;
		};
		0483203F2A1F545600152A23 /* Frameworks */ = {
			isa = PBXFrameworksBuildPhase;
			buildActionMask = 2147483647;
			files = (
				B9F33E08A2E85DA3B8F257F8 /* Pods_RecipesTests.framework in Frameworks */,
			);
			runOnlyForDeploymentPostprocessing = 0;
		};
		048320492A1F545600152A23 /* Frameworks */ = {
			isa = PBXFrameworksBuildPhase;
			buildActionMask = 2147483647;
			files = (
				646D2E7315CD2E17E84E699A /* Pods_Recipes_RecipesUITests.framework in Frameworks */,
			);
			runOnlyForDeploymentPostprocessing = 0;
		};
/* End PBXFrameworksBuildPhase section */

/* Begin PBXGroup section */
		0456735F2A20F41F00D4DF87 /* FavoritesDBManager */ = {
			isa = PBXGroup;
			children = (
				045673602A20F41F00D4DF87 /* FavoritesDBManager.swift */,
			);
			path = FavoritesDBManager;
			sourceTree = "<group>";
		};
		047A89B92A222D4200E36C2C /* Utilities */ = {
			isa = PBXGroup;
			children = (
				047A89BA2A222D4200E36C2C /* Collection+Extension.swift */,
			);
			path = Utilities;
			sourceTree = "<group>";
		};
		048320202A1F545400152A23 = {
			isa = PBXGroup;
			children = (
				0483202B2A1F545400152A23 /* Recipes */,
				048320452A1F545600152A23 /* RecipesTests */,
				0483204F2A1F545600152A23 /* RecipesUITests */,
				0483202A2A1F545400152A23 /* Products */,
				4320A219DC6D6F416D6677AC /* Pods */,
				3587F66D041C41ED13BFCEE8 /* Frameworks */,
			);
			sourceTree = "<group>";
		};
		0483202A2A1F545400152A23 /* Products */ = {
			isa = PBXGroup;
			children = (
				048320292A1F545400152A23 /* Recipes.app */,
				048320422A1F545600152A23 /* RecipesTests.xctest */,
				0483204C2A1F545600152A23 /* RecipesUITests.xctest */,
			);
			name = Products;
			sourceTree = "<group>";
		};
		0483202B2A1F545400152A23 /* Recipes */ = {
			isa = PBXGroup;
			children = (
				047A89B92A222D4200E36C2C /* Utilities */,
				0456735F2A20F41F00D4DF87 /* FavoritesDBManager */,
				E2C984D32A21EF8A00FA7792 /* Modules */,
				048320602A1F549E00152A23 /* View */,
				0483205F2A1F549500152A23 /* Model */,
				0483202C2A1F545400152A23 /* AppDelegate.swift */,
				0483202E2A1F545400152A23 /* SceneDelegate.swift */,
				048320322A1F545400152A23 /* Main.storyboard */,
				048320382A1F545600152A23 /* Assets.xcassets */,
				0483203A2A1F545600152A23 /* LaunchScreen.storyboard */,
				0483203D2A1F545600152A23 /* Info.plist */,
				048320352A1F545400152A23 /* Recipes.xcdatamodeld */,
			);
			path = Recipes;
			sourceTree = "<group>";
		};
		048320452A1F545600152A23 /* RecipesTests */ = {
			isa = PBXGroup;
			children = (
				048320462A1F545600152A23 /* RecipesTests.swift */,
			);
			path = RecipesTests;
			sourceTree = "<group>";
		};
		0483204F2A1F545600152A23 /* RecipesUITests */ = {
			isa = PBXGroup;
			children = (
				048320502A1F545600152A23 /* RecipesUITests.swift */,
				048320522A1F545600152A23 /* RecipesUITestsLaunchTests.swift */,
			);
			path = RecipesUITests;
			sourceTree = "<group>";
		};
		0483205F2A1F549500152A23 /* Model */ = {
			isa = PBXGroup;
			children = (
				045673622A21031C00D4DF87 /* RecipeItem.swift */,
				E2B4DD622A20D5CA0044159B /* RecipesCategoriesModel.swift */,
			);
			path = Model;
			sourceTree = "<group>";
		};
		048320602A1F549E00152A23 /* View */ = {
			isa = PBXGroup;
			children = (
				049D248C2A20AB1200244427 /* RecipeCell.swift */,
				049D248D2A20AB1200244427 /* RecipeCell.xib */,
			);
			path = View;
			sourceTree = "<group>";
		};
		048C195C2A2208630042F6A9 /* Favorites */ = {
			isa = PBXGroup;
			children = (
				048C195E2A2208750042F6A9 /* ViewModel */,
				048C195D2A22086C0042F6A9 /* View */,
			);
			path = Favorites;
			sourceTree = "<group>";
		};
		048C195D2A22086C0042F6A9 /* View */ = {
			isa = PBXGroup;
			children = (
				045673642A210C7D00D4DF87 /* FavoritesViewController.swift */,
			);
			path = View;
			sourceTree = "<group>";
		};
		048C195E2A2208750042F6A9 /* ViewModel */ = {
			isa = PBXGroup;
			children = (
				048C195A2A21EF8E0042F6A9 /* FavoritesViewModel.swift */,
			);
			path = ViewModel;
			sourceTree = "<group>";
		};
		3587F66D041C41ED13BFCEE8 /* Frameworks */ = {
			isa = PBXGroup;
			children = (
				21FA7EC611B197EB81B92820 /* Pods_Recipes.framework */,
				06D105B9800460FBCB591D0E /* Pods_Recipes_RecipesUITests.framework */,
				B41B0A8EB91437DF5CC147FF /* Pods_RecipesTests.framework */,
			);
			name = Frameworks;
			sourceTree = "<group>";
		};
		4320A219DC6D6F416D6677AC /* Pods */ = {
			isa = PBXGroup;
			children = (
				11779A4D85CC545D18C34B2F /* Pods-Recipes.debug.xcconfig */,
				4DCA4D1429C0B8F7675E120E /* Pods-Recipes.release.xcconfig */,
				0EC2CDCC8FA029C8C50F0983 /* Pods-Recipes-RecipesUITests.debug.xcconfig */,
				7A943470FC269E12A62A3BC6 /* Pods-Recipes-RecipesUITests.release.xcconfig */,
				143626485BF3E8C7730BA66D /* Pods-RecipesTests.debug.xcconfig */,
				FC2BC71E05912AED86554247 /* Pods-RecipesTests.release.xcconfig */,
			);
			path = Pods;
			sourceTree = "<group>";
		};
		E2C984D32A21EF8A00FA7792 /* Modules */ = {
			isa = PBXGroup;
			children = (
				048C195C2A2208630042F6A9 /* Favorites */,
				E2C984D72A21EFE400FA7792 /* Services */,
				E2C984D42A21EF9400FA7792 /* Home */,
			);
			path = Modules;
			sourceTree = "<group>";
		};
		E2C984D42A21EF9400FA7792 /* Home */ = {
			isa = PBXGroup;
			children = (
				E2C984D62A21EFB300FA7792 /* ViewModel */,
				E2C984D52A21EFA600FA7792 /* View */,
			);
			path = Home;
			sourceTree = "<group>";
		};
		E2C984D52A21EFA600FA7792 /* View */ = {
			isa = PBXGroup;
			children = (
				048320302A1F545400152A23 /* HomeViewController.swift */,
			);
			path = View;
			sourceTree = "<group>";
		};
		E2C984D62A21EFB300FA7792 /* ViewModel */ = {
			isa = PBXGroup;
			children = (
				E2C984CE2A21EBDC00FA7792 /* HomeViewModel.swift */,
			);
			path = ViewModel;
			sourceTree = "<group>";
		};
		E2C984D72A21EFE400FA7792 /* Services */ = {
			isa = PBXGroup;
			children = (
				E2C984CC2A21EBC100FA7792 /* ApiClient.swift */,
			);
			path = Services;
			sourceTree = "<group>";
		};
/* End PBXGroup section */

/* Begin PBXNativeTarget section */
		048320282A1F545400152A23 /* Recipes */ = {
			isa = PBXNativeTarget;
			buildConfigurationList = 048320562A1F545600152A23 /* Build configuration list for PBXNativeTarget "Recipes" */;
			buildPhases = (
				F25E44BB6C8EC1EE06833BB0 /* [CP] Check Pods Manifest.lock */,
				048320252A1F545400152A23 /* Sources */,
				048320262A1F545400152A23 /* Frameworks */,
				048320272A1F545400152A23 /* Resources */,
				C68CD1ABA34A98C0D82F242C /* [CP] Embed Pods Frameworks */,
			);
			buildRules = (
			);
			dependencies = (
			);
			name = Recipes;
			productName = Recipes;
			productReference = 048320292A1F545400152A23 /* Recipes.app */;
			productType = "com.apple.product-type.application";
		};
		048320412A1F545600152A23 /* RecipesTests */ = {
			isa = PBXNativeTarget;
			buildConfigurationList = 048320592A1F545600152A23 /* Build configuration list for PBXNativeTarget "RecipesTests" */;
			buildPhases = (
				33D848ADCF9DD890A23BA8A8 /* [CP] Check Pods Manifest.lock */,
				0483203E2A1F545600152A23 /* Sources */,
				0483203F2A1F545600152A23 /* Frameworks */,
				048320402A1F545600152A23 /* Resources */,
			);
			buildRules = (
			);
			dependencies = (
				048320442A1F545600152A23 /* PBXTargetDependency */,
			);
			name = RecipesTests;
			productName = RecipesTests;
			productReference = 048320422A1F545600152A23 /* RecipesTests.xctest */;
			productType = "com.apple.product-type.bundle.unit-test";
		};
		0483204B2A1F545600152A23 /* RecipesUITests */ = {
			isa = PBXNativeTarget;
			buildConfigurationList = 0483205C2A1F545600152A23 /* Build configuration list for PBXNativeTarget "RecipesUITests" */;
			buildPhases = (
				643B1A0B5544FED3E08474F3 /* [CP] Check Pods Manifest.lock */,
				048320482A1F545600152A23 /* Sources */,
				048320492A1F545600152A23 /* Frameworks */,
				0483204A2A1F545600152A23 /* Resources */,
				303BC8FC682E08DA9EA58584 /* [CP] Embed Pods Frameworks */,
			);
			buildRules = (
			);
			dependencies = (
				0483204E2A1F545600152A23 /* PBXTargetDependency */,
			);
			name = RecipesUITests;
			productName = RecipesUITests;
			productReference = 0483204C2A1F545600152A23 /* RecipesUITests.xctest */;
			productType = "com.apple.product-type.bundle.ui-testing";
		};
/* End PBXNativeTarget section */

/* Begin PBXProject section */
		048320212A1F545400152A23 /* Project object */ = {
			isa = PBXProject;
			attributes = {
				BuildIndependentTargetsInParallel = 1;
				LastSwiftUpdateCheck = 1430;
				LastUpgradeCheck = 1430;
				TargetAttributes = {
					048320282A1F545400152A23 = {
						CreatedOnToolsVersion = 14.3;
					};
					048320412A1F545600152A23 = {
						CreatedOnToolsVersion = 14.3;
						TestTargetID = 048320282A1F545400152A23;
					};
					0483204B2A1F545600152A23 = {
						CreatedOnToolsVersion = 14.3;
						TestTargetID = 048320282A1F545400152A23;
					};
				};
			};
			buildConfigurationList = 048320242A1F545400152A23 /* Build configuration list for PBXProject "Recipes" */;
			compatibilityVersion = "Xcode 14.0";
			developmentRegion = en;
			hasScannedForEncodings = 0;
			knownRegions = (
				en,
				Base,
			);
			mainGroup = 048320202A1F545400152A23;
			productRefGroup = 0483202A2A1F545400152A23 /* Products */;
			projectDirPath = "";
			projectRoot = "";
			targets = (
				048320282A1F545400152A23 /* Recipes */,
				048320412A1F545600152A23 /* RecipesTests */,
				0483204B2A1F545600152A23 /* RecipesUITests */,
			);
		};
/* End PBXProject section */

/* Begin PBXResourcesBuildPhase section */
		048320272A1F545400152A23 /* Resources */ = {
			isa = PBXResourcesBuildPhase;
			buildActionMask = 2147483647;
			files = (
				0483203C2A1F545600152A23 /* LaunchScreen.storyboard in Resources */,
				049D248F2A20AB1200244427 /* RecipeCell.xib in Resources */,
				048320392A1F545600152A23 /* Assets.xcassets in Resources */,
				048320342A1F545400152A23 /* Main.storyboard in Resources */,
			);
			runOnlyForDeploymentPostprocessing = 0;
		};
		048320402A1F545600152A23 /* Resources */ = {
			isa = PBXResourcesBuildPhase;
			buildActionMask = 2147483647;
			files = (
			);
			runOnlyForDeploymentPostprocessing = 0;
		};
		0483204A2A1F545600152A23 /* Resources */ = {
			isa = PBXResourcesBuildPhase;
			buildActionMask = 2147483647;
			files = (
			);
			runOnlyForDeploymentPostprocessing = 0;
		};
/* End PBXResourcesBuildPhase section */

/* Begin PBXShellScriptBuildPhase section */
		303BC8FC682E08DA9EA58584 /* [CP] Embed Pods Frameworks */ = {
			isa = PBXShellScriptBuildPhase;
			buildActionMask = 2147483647;
			files = (
			);
			inputFileListPaths = (
				"${PODS_ROOT}/Target Support Files/Pods-Recipes-RecipesUITests/Pods-Recipes-RecipesUITests-frameworks-${CONFIGURATION}-input-files.xcfilelist",
			);
			name = "[CP] Embed Pods Frameworks";
			outputFileListPaths = (
				"${PODS_ROOT}/Target Support Files/Pods-Recipes-RecipesUITests/Pods-Recipes-RecipesUITests-frameworks-${CONFIGURATION}-output-files.xcfilelist",
			);
			runOnlyForDeploymentPostprocessing = 0;
			shellPath = /bin/sh;
			shellScript = "\"${PODS_ROOT}/Target Support Files/Pods-Recipes-RecipesUITests/Pods-Recipes-RecipesUITests-frameworks.sh\"\n";
			showEnvVarsInLog = 0;
		};
		33D848ADCF9DD890A23BA8A8 /* [CP] Check Pods Manifest.lock */ = {
			isa = PBXShellScriptBuildPhase;
			buildActionMask = 2147483647;
			files = (
			);
			inputFileListPaths = (
			);
			inputPaths = (
				"${PODS_PODFILE_DIR_PATH}/Podfile.lock",
				"${PODS_ROOT}/Manifest.lock",
			);
			name = "[CP] Check Pods Manifest.lock";
			outputFileListPaths = (
			);
			outputPaths = (
				"$(DERIVED_FILE_DIR)/Pods-RecipesTests-checkManifestLockResult.txt",
			);
			runOnlyForDeploymentPostprocessing = 0;
			shellPath = /bin/sh;
			shellScript = "diff \"${PODS_PODFILE_DIR_PATH}/Podfile.lock\" \"${PODS_ROOT}/Manifest.lock\" > /dev/null\nif [ $? != 0 ] ; then\n    # print error to STDERR\n    echo \"error: The sandbox is not in sync with the Podfile.lock. Run 'pod install' or update your CocoaPods installation.\" >&2\n    exit 1\nfi\n# This output is used by Xcode 'outputs' to avoid re-running this script phase.\necho \"SUCCESS\" > \"${SCRIPT_OUTPUT_FILE_0}\"\n";
			showEnvVarsInLog = 0;
		};
		643B1A0B5544FED3E08474F3 /* [CP] Check Pods Manifest.lock */ = {
			isa = PBXShellScriptBuildPhase;
			buildActionMask = 2147483647;
			files = (
			);
			inputFileListPaths = (
			);
			inputPaths = (
				"${PODS_PODFILE_DIR_PATH}/Podfile.lock",
				"${PODS_ROOT}/Manifest.lock",
			);
			name = "[CP] Check Pods Manifest.lock";
			outputFileListPaths = (
			);
			outputPaths = (
				"$(DERIVED_FILE_DIR)/Pods-Recipes-RecipesUITests-checkManifestLockResult.txt",
			);
			runOnlyForDeploymentPostprocessing = 0;
			shellPath = /bin/sh;
			shellScript = "diff \"${PODS_PODFILE_DIR_PATH}/Podfile.lock\" \"${PODS_ROOT}/Manifest.lock\" > /dev/null\nif [ $? != 0 ] ; then\n    # print error to STDERR\n    echo \"error: The sandbox is not in sync with the Podfile.lock. Run 'pod install' or update your CocoaPods installation.\" >&2\n    exit 1\nfi\n# This output is used by Xcode 'outputs' to avoid re-running this script phase.\necho \"SUCCESS\" > \"${SCRIPT_OUTPUT_FILE_0}\"\n";
			showEnvVarsInLog = 0;
		};
		C68CD1ABA34A98C0D82F242C /* [CP] Embed Pods Frameworks */ = {
			isa = PBXShellScriptBuildPhase;
			buildActionMask = 2147483647;
			files = (
			);
			inputFileListPaths = (
				"${PODS_ROOT}/Target Support Files/Pods-Recipes/Pods-Recipes-frameworks-${CONFIGURATION}-input-files.xcfilelist",
			);
			name = "[CP] Embed Pods Frameworks";
			outputFileListPaths = (
				"${PODS_ROOT}/Target Support Files/Pods-Recipes/Pods-Recipes-frameworks-${CONFIGURATION}-output-files.xcfilelist",
			);
			runOnlyForDeploymentPostprocessing = 0;
			shellPath = /bin/sh;
			shellScript = "\"${PODS_ROOT}/Target Support Files/Pods-Recipes/Pods-Recipes-frameworks.sh\"\n";
			showEnvVarsInLog = 0;
		};
		F25E44BB6C8EC1EE06833BB0 /* [CP] Check Pods Manifest.lock */ = {
			isa = PBXShellScriptBuildPhase;
			buildActionMask = 2147483647;
			files = (
			);
			inputFileListPaths = (
			);
			inputPaths = (
				"${PODS_PODFILE_DIR_PATH}/Podfile.lock",
				"${PODS_ROOT}/Manifest.lock",
			);
			name = "[CP] Check Pods Manifest.lock";
			outputFileListPaths = (
			);
			outputPaths = (
				"$(DERIVED_FILE_DIR)/Pods-Recipes-checkManifestLockResult.txt",
			);
			runOnlyForDeploymentPostprocessing = 0;
			shellPath = /bin/sh;
			shellScript = "diff \"${PODS_PODFILE_DIR_PATH}/Podfile.lock\" \"${PODS_ROOT}/Manifest.lock\" > /dev/null\nif [ $? != 0 ] ; then\n    # print error to STDERR\n    echo \"error: The sandbox is not in sync with the Podfile.lock. Run 'pod install' or update your CocoaPods installation.\" >&2\n    exit 1\nfi\n# This output is used by Xcode 'outputs' to avoid re-running this script phase.\necho \"SUCCESS\" > \"${SCRIPT_OUTPUT_FILE_0}\"\n";
			showEnvVarsInLog = 0;
		};
/* End PBXShellScriptBuildPhase section */

/* Begin PBXSourcesBuildPhase section */
		048320252A1F545400152A23 /* Sources */ = {
			isa = PBXSourcesBuildPhase;
			buildActionMask = 2147483647;
			files = (
				E2C984CD2A21EBC100FA7792 /* ApiClient.swift in Sources */,
				048C195B2A21EF8E0042F6A9 /* FavoritesViewModel.swift in Sources */,
				049D248E2A20AB1200244427 /* RecipeCell.swift in Sources */,
				045673652A210C7D00D4DF87 /* FavoritesViewController.swift in Sources */,
				045673612A20F41F00D4DF87 /* FavoritesDBManager.swift in Sources */,
				048320312A1F545400152A23 /* HomeViewController.swift in Sources */,
				E2C984CF2A21EBDC00FA7792 /* HomeViewModel.swift in Sources */,
				E2B4DD632A20D5CA0044159B /* RecipesCategoriesModel.swift in Sources */,
				047A89BB2A222D4200E36C2C /* Collection+Extension.swift in Sources */,
				045673632A21031C00D4DF87 /* RecipeItem.swift in Sources */,
				0483202D2A1F545400152A23 /* AppDelegate.swift in Sources */,
				0483202F2A1F545400152A23 /* SceneDelegate.swift in Sources */,
				048320372A1F545400152A23 /* Recipes.xcdatamodeld in Sources */,
			);
			runOnlyForDeploymentPostprocessing = 0;
		};
		0483203E2A1F545600152A23 /* Sources */ = {
			isa = PBXSourcesBuildPhase;
			buildActionMask = 2147483647;
			files = (
				048320472A1F545600152A23 /* RecipesTests.swift in Sources */,
			);
			runOnlyForDeploymentPostprocessing = 0;
		};
		048320482A1F545600152A23 /* Sources */ = {
			isa = PBXSourcesBuildPhase;
			buildActionMask = 2147483647;
			files = (
				048320532A1F545600152A23 /* RecipesUITestsLaunchTests.swift in Sources */,
				048320512A1F545600152A23 /* RecipesUITests.swift in Sources */,
			);
			runOnlyForDeploymentPostprocessing = 0;
		};
/* End PBXSourcesBuildPhase section */

/* Begin PBXTargetDependency section */
		048320442A1F545600152A23 /* PBXTargetDependency */ = {
			isa = PBXTargetDependency;
			target = 048320282A1F545400152A23 /* Recipes */;
			targetProxy = 048320432A1F545600152A23 /* PBXContainerItemProxy */;
		};
		0483204E2A1F545600152A23 /* PBXTargetDependency */ = {
			isa = PBXTargetDependency;
			target = 048320282A1F545400152A23 /* Recipes */;
			targetProxy = 0483204D2A1F545600152A23 /* PBXContainerItemProxy */;
		};
/* End PBXTargetDependency section */

/* Begin PBXVariantGroup section */
		048320322A1F545400152A23 /* Main.storyboard */ = {
			isa = PBXVariantGroup;
			children = (
				048320332A1F545400152A23 /* Base */,
			);
			name = Main.storyboard;
			sourceTree = "<group>";
		};
		0483203A2A1F545600152A23 /* LaunchScreen.storyboard */ = {
			isa = PBXVariantGroup;
			children = (
				0483203B2A1F545600152A23 /* Base */,
			);
			name = LaunchScreen.storyboard;
			sourceTree = "<group>";
		};
/* End PBXVariantGroup section */

/* Begin XCBuildConfiguration section */
		048320542A1F545600152A23 /* Debug */ = {
			isa = XCBuildConfiguration;
			buildSettings = {
				ALWAYS_SEARCH_USER_PATHS = NO;
				CLANG_ANALYZER_NONNULL = YES;
				CLANG_ANALYZER_NUMBER_OBJECT_CONVERSION = YES_AGGRESSIVE;
				CLANG_CXX_LANGUAGE_STANDARD = "gnu++20";
				CLANG_ENABLE_MODULES = YES;
				CLANG_ENABLE_OBJC_ARC = YES;
				CLANG_ENABLE_OBJC_WEAK = YES;
				CLANG_WARN_BLOCK_CAPTURE_AUTORELEASING = YES;
				CLANG_WARN_BOOL_CONVERSION = YES;
				CLANG_WARN_COMMA = YES;
				CLANG_WARN_CONSTANT_CONVERSION = YES;
				CLANG_WARN_DEPRECATED_OBJC_IMPLEMENTATIONS = YES;
				CLANG_WARN_DIRECT_OBJC_ISA_USAGE = YES_ERROR;
				CLANG_WARN_DOCUMENTATION_COMMENTS = YES;
				CLANG_WARN_EMPTY_BODY = YES;
				CLANG_WARN_ENUM_CONVERSION = YES;
				CLANG_WARN_INFINITE_RECURSION = YES;
				CLANG_WARN_INT_CONVERSION = YES;
				CLANG_WARN_NON_LITERAL_NULL_CONVERSION = YES;
				CLANG_WARN_OBJC_IMPLICIT_RETAIN_SELF = YES;
				CLANG_WARN_OBJC_LITERAL_CONVERSION = YES;
				CLANG_WARN_OBJC_ROOT_CLASS = YES_ERROR;
				CLANG_WARN_QUOTED_INCLUDE_IN_FRAMEWORK_HEADER = YES;
				CLANG_WARN_RANGE_LOOP_ANALYSIS = YES;
				CLANG_WARN_STRICT_PROTOTYPES = YES;
				CLANG_WARN_SUSPICIOUS_MOVE = YES;
				CLANG_WARN_UNGUARDED_AVAILABILITY = YES_AGGRESSIVE;
				CLANG_WARN_UNREACHABLE_CODE = YES;
				CLANG_WARN__DUPLICATE_METHOD_MATCH = YES;
				COPY_PHASE_STRIP = NO;
				DEBUG_INFORMATION_FORMAT = dwarf;
				ENABLE_STRICT_OBJC_MSGSEND = YES;
				ENABLE_TESTABILITY = YES;
				GCC_C_LANGUAGE_STANDARD = gnu11;
				GCC_DYNAMIC_NO_PIC = NO;
				GCC_NO_COMMON_BLOCKS = YES;
				GCC_OPTIMIZATION_LEVEL = 0;
				GCC_PREPROCESSOR_DEFINITIONS = (
					"DEBUG=1",
					"$(inherited)",
				);
				GCC_WARN_64_TO_32_BIT_CONVERSION = YES;
				GCC_WARN_ABOUT_RETURN_TYPE = YES_ERROR;
				GCC_WARN_UNDECLARED_SELECTOR = YES;
				GCC_WARN_UNINITIALIZED_AUTOS = YES_AGGRESSIVE;
				GCC_WARN_UNUSED_FUNCTION = YES;
				GCC_WARN_UNUSED_VARIABLE = YES;
				IPHONEOS_DEPLOYMENT_TARGET = 16.4;
				MTL_ENABLE_DEBUG_INFO = INCLUDE_SOURCE;
				MTL_FAST_MATH = YES;
				ONLY_ACTIVE_ARCH = YES;
				SDKROOT = iphoneos;
				SWIFT_ACTIVE_COMPILATION_CONDITIONS = DEBUG;
				SWIFT_OPTIMIZATION_LEVEL = "-Onone";
			};
			name = Debug;
		};
		048320552A1F545600152A23 /* Release */ = {
			isa = XCBuildConfiguration;
			buildSettings = {
				ALWAYS_SEARCH_USER_PATHS = NO;
				CLANG_ANALYZER_NONNULL = YES;
				CLANG_ANALYZER_NUMBER_OBJECT_CONVERSION = YES_AGGRESSIVE;
				CLANG_CXX_LANGUAGE_STANDARD = "gnu++20";
				CLANG_ENABLE_MODULES = YES;
				CLANG_ENABLE_OBJC_ARC = YES;
				CLANG_ENABLE_OBJC_WEAK = YES;
				CLANG_WARN_BLOCK_CAPTURE_AUTORELEASING = YES;
				CLANG_WARN_BOOL_CONVERSION = YES;
				CLANG_WARN_COMMA = YES;
				CLANG_WARN_CONSTANT_CONVERSION = YES;
				CLANG_WARN_DEPRECATED_OBJC_IMPLEMENTATIONS = YES;
				CLANG_WARN_DIRECT_OBJC_ISA_USAGE = YES_ERROR;
				CLANG_WARN_DOCUMENTATION_COMMENTS = YES;
				CLANG_WARN_EMPTY_BODY = YES;
				CLANG_WARN_ENUM_CONVERSION = YES;
				CLANG_WARN_INFINITE_RECURSION = YES;
				CLANG_WARN_INT_CONVERSION = YES;
				CLANG_WARN_NON_LITERAL_NULL_CONVERSION = YES;
				CLANG_WARN_OBJC_IMPLICIT_RETAIN_SELF = YES;
				CLANG_WARN_OBJC_LITERAL_CONVERSION = YES;
				CLANG_WARN_OBJC_ROOT_CLASS = YES_ERROR;
				CLANG_WARN_QUOTED_INCLUDE_IN_FRAMEWORK_HEADER = YES;
				CLANG_WARN_RANGE_LOOP_ANALYSIS = YES;
				CLANG_WARN_STRICT_PROTOTYPES = YES;
				CLANG_WARN_SUSPICIOUS_MOVE = YES;
				CLANG_WARN_UNGUARDED_AVAILABILITY = YES_AGGRESSIVE;
				CLANG_WARN_UNREACHABLE_CODE = YES;
				CLANG_WARN__DUPLICATE_METHOD_MATCH = YES;
				COPY_PHASE_STRIP = NO;
				DEBUG_INFORMATION_FORMAT = "dwarf-with-dsym";
				ENABLE_NS_ASSERTIONS = NO;
				ENABLE_STRICT_OBJC_MSGSEND = YES;
				GCC_C_LANGUAGE_STANDARD = gnu11;
				GCC_NO_COMMON_BLOCKS = YES;
				GCC_WARN_64_TO_32_BIT_CONVERSION = YES;
				GCC_WARN_ABOUT_RETURN_TYPE = YES_ERROR;
				GCC_WARN_UNDECLARED_SELECTOR = YES;
				GCC_WARN_UNINITIALIZED_AUTOS = YES_AGGRESSIVE;
				GCC_WARN_UNUSED_FUNCTION = YES;
				GCC_WARN_UNUSED_VARIABLE = YES;
				IPHONEOS_DEPLOYMENT_TARGET = 16.4;
				MTL_ENABLE_DEBUG_INFO = NO;
				MTL_FAST_MATH = YES;
				SDKROOT = iphoneos;
				SWIFT_COMPILATION_MODE = wholemodule;
				SWIFT_OPTIMIZATION_LEVEL = "-O";
				VALIDATE_PRODUCT = YES;
			};
			name = Release;
		};
		048320572A1F545600152A23 /* Debug */ = {
			isa = XCBuildConfiguration;
			baseConfigurationReference = 11779A4D85CC545D18C34B2F /* Pods-Recipes.debug.xcconfig */;
			buildSettings = {
				ASSETCATALOG_COMPILER_APPICON_NAME = AppIcon;
				ASSETCATALOG_COMPILER_GLOBAL_ACCENT_COLOR_NAME = AccentColor;
				CODE_SIGN_STYLE = Automatic;
				CURRENT_PROJECT_VERSION = 1;
				GENERATE_INFOPLIST_FILE = YES;
				INFOPLIST_FILE = Recipes/Info.plist;
				INFOPLIST_KEY_UIApplicationSupportsIndirectInputEvents = YES;
				INFOPLIST_KEY_UILaunchStoryboardName = LaunchScreen.storyboard;
				INFOPLIST_KEY_UIMainStoryboardFile = Main;
				INFOPLIST_KEY_UISupportedInterfaceOrientations_iPad = "UIInterfaceOrientationPortrait UIInterfaceOrientationPortraitUpsideDown UIInterfaceOrientationLandscapeLeft UIInterfaceOrientationLandscapeRight";
				INFOPLIST_KEY_UISupportedInterfaceOrientations_iPhone = "UIInterfaceOrientationPortrait UIInterfaceOrientationLandscapeLeft UIInterfaceOrientationLandscapeRight";
				LD_RUNPATH_SEARCH_PATHS = (
					"$(inherited)",
					"@executable_path/Frameworks",
				);
				MARKETING_VERSION = 1.0;
				PRODUCT_BUNDLE_IDENTIFIER = ITI.Recipes;
				PRODUCT_NAME = "$(TARGET_NAME)";
				SWIFT_EMIT_LOC_STRINGS = YES;
				SWIFT_VERSION = 5.0;
				TARGETED_DEVICE_FAMILY = "1,2";
			};
			name = Debug;
		};
		048320582A1F545600152A23 /* Release */ = {
			isa = XCBuildConfiguration;
			baseConfigurationReference = 4DCA4D1429C0B8F7675E120E /* Pods-Recipes.release.xcconfig */;
			buildSettings = {
				ASSETCATALOG_COMPILER_APPICON_NAME = AppIcon;
				ASSETCATALOG_COMPILER_GLOBAL_ACCENT_COLOR_NAME = AccentColor;
				CODE_SIGN_STYLE = Automatic;
				CURRENT_PROJECT_VERSION = 1;
				GENERATE_INFOPLIST_FILE = YES;
				INFOPLIST_FILE = Recipes/Info.plist;
				INFOPLIST_KEY_UIApplicationSupportsIndirectInputEvents = YES;
				INFOPLIST_KEY_UILaunchStoryboardName = LaunchScreen.storyboard;
				INFOPLIST_KEY_UIMainStoryboardFile = Main;
				INFOPLIST_KEY_UISupportedInterfaceOrientations_iPad = "UIInterfaceOrientationPortrait UIInterfaceOrientationPortraitUpsideDown UIInterfaceOrientationLandscapeLeft UIInterfaceOrientationLandscapeRight";
				INFOPLIST_KEY_UISupportedInterfaceOrientations_iPhone = "UIInterfaceOrientationPortrait UIInterfaceOrientationLandscapeLeft UIInterfaceOrientationLandscapeRight";
				LD_RUNPATH_SEARCH_PATHS = (
					"$(inherited)",
					"@executable_path/Frameworks",
				);
				MARKETING_VERSION = 1.0;
				PRODUCT_BUNDLE_IDENTIFIER = ITI.Recipes;
				PRODUCT_NAME = "$(TARGET_NAME)";
				SWIFT_EMIT_LOC_STRINGS = YES;
				SWIFT_VERSION = 5.0;
				TARGETED_DEVICE_FAMILY = "1,2";
			};
			name = Release;
		};
		0483205A2A1F545600152A23 /* Debug */ = {
			isa = XCBuildConfiguration;
			baseConfigurationReference = 143626485BF3E8C7730BA66D /* Pods-RecipesTests.debug.xcconfig */;
			buildSettings = {
				ALWAYS_EMBED_SWIFT_STANDARD_LIBRARIES = YES;
				BUNDLE_LOADER = "$(TEST_HOST)";
				CODE_SIGN_STYLE = Automatic;
				CURRENT_PROJECT_VERSION = 1;
				GENERATE_INFOPLIST_FILE = YES;
				IPHONEOS_DEPLOYMENT_TARGET = 16.4;
				MARKETING_VERSION = 1.0;
				PRODUCT_BUNDLE_IDENTIFIER = ITI.RecipesTests;
				PRODUCT_NAME = "$(TARGET_NAME)";
				SWIFT_EMIT_LOC_STRINGS = NO;
				SWIFT_VERSION = 5.0;
				TARGETED_DEVICE_FAMILY = "1,2";
				TEST_HOST = "$(BUILT_PRODUCTS_DIR)/Recipes.app/$(BUNDLE_EXECUTABLE_FOLDER_PATH)/Recipes";
			};
			name = Debug;
		};
		0483205B2A1F545600152A23 /* Release */ = {
			isa = XCBuildConfiguration;
			baseConfigurationReference = FC2BC71E05912AED86554247 /* Pods-RecipesTests.release.xcconfig */;
			buildSettings = {
				ALWAYS_EMBED_SWIFT_STANDARD_LIBRARIES = YES;
				BUNDLE_LOADER = "$(TEST_HOST)";
				CODE_SIGN_STYLE = Automatic;
				CURRENT_PROJECT_VERSION = 1;
				GENERATE_INFOPLIST_FILE = YES;
				IPHONEOS_DEPLOYMENT_TARGET = 16.4;
				MARKETING_VERSION = 1.0;
				PRODUCT_BUNDLE_IDENTIFIER = ITI.RecipesTests;
				PRODUCT_NAME = "$(TARGET_NAME)";
				SWIFT_EMIT_LOC_STRINGS = NO;
				SWIFT_VERSION = 5.0;
				TARGETED_DEVICE_FAMILY = "1,2";
				TEST_HOST = "$(BUILT_PRODUCTS_DIR)/Recipes.app/$(BUNDLE_EXECUTABLE_FOLDER_PATH)/Recipes";
			};
			name = Release;
		};
		0483205D2A1F545600152A23 /* Debug */ = {
			isa = XCBuildConfiguration;
			baseConfigurationReference = 0EC2CDCC8FA029C8C50F0983 /* Pods-Recipes-RecipesUITests.debug.xcconfig */;
			buildSettings = {
				ALWAYS_EMBED_SWIFT_STANDARD_LIBRARIES = YES;
				CODE_SIGN_STYLE = Automatic;
				CURRENT_PROJECT_VERSION = 1;
				GENERATE_INFOPLIST_FILE = YES;
				MARKETING_VERSION = 1.0;
				PRODUCT_BUNDLE_IDENTIFIER = ITI.RecipesUITests;
				PRODUCT_NAME = "$(TARGET_NAME)";
				SWIFT_EMIT_LOC_STRINGS = NO;
				SWIFT_VERSION = 5.0;
				TARGETED_DEVICE_FAMILY = "1,2";
				TEST_TARGET_NAME = Recipes;
			};
			name = Debug;
		};
		0483205E2A1F545600152A23 /* Release */ = {
			isa = XCBuildConfiguration;
			baseConfigurationReference = 7A943470FC269E12A62A3BC6 /* Pods-Recipes-RecipesUITests.release.xcconfig */;
			buildSettings = {
				ALWAYS_EMBED_SWIFT_STANDARD_LIBRARIES = YES;
				CODE_SIGN_STYLE = Automatic;
				CURRENT_PROJECT_VERSION = 1;
				GENERATE_INFOPLIST_FILE = YES;
				MARKETING_VERSION = 1.0;
				PRODUCT_BUNDLE_IDENTIFIER = ITI.RecipesUITests;
				PRODUCT_NAME = "$(TARGET_NAME)";
				SWIFT_EMIT_LOC_STRINGS = NO;
				SWIFT_VERSION = 5.0;
				TARGETED_DEVICE_FAMILY = "1,2";
				TEST_TARGET_NAME = Recipes;
			};
			name = Release;
		};
/* End XCBuildConfiguration section */

/* Begin XCConfigurationList section */
		048320242A1F545400152A23 /* Build configuration list for PBXProject "Recipes" */ = {
			isa = XCConfigurationList;
			buildConfigurations = (
				048320542A1F545600152A23 /* Debug */,
				048320552A1F545600152A23 /* Release */,
			);
			defaultConfigurationIsVisible = 0;
			defaultConfigurationName = Release;
		};
		048320562A1F545600152A23 /* Build configuration list for PBXNativeTarget "Recipes" */ = {
			isa = XCConfigurationList;
			buildConfigurations = (
				048320572A1F545600152A23 /* Debug */,
				048320582A1F545600152A23 /* Release */,
			);
			defaultConfigurationIsVisible = 0;
			defaultConfigurationName = Release;
		};
		048320592A1F545600152A23 /* Build configuration list for PBXNativeTarget "RecipesTests" */ = {
			isa = XCConfigurationList;
			buildConfigurations = (
				0483205A2A1F545600152A23 /* Debug */,
				0483205B2A1F545600152A23 /* Release */,
			);
			defaultConfigurationIsVisible = 0;
			defaultConfigurationName = Release;
		};
		0483205C2A1F545600152A23 /* Build configuration list for PBXNativeTarget "RecipesUITests" */ = {
			isa = XCConfigurationList;
			buildConfigurations = (
				0483205D2A1F545600152A23 /* Debug */,
				0483205E2A1F545600152A23 /* Release */,
			);
			defaultConfigurationIsVisible = 0;
			defaultConfigurationName = Release;
		};
/* End XCConfigurationList section */

/* Begin XCVersionGroup section */
		048320352A1F545400152A23 /* Recipes.xcdatamodeld */ = {
			isa = XCVersionGroup;
			children = (
				048320362A1F545400152A23 /* Recipes.xcdatamodel */,
			);
			currentVersion = 048320362A1F545400152A23 /* Recipes.xcdatamodel */;
			path = Recipes.xcdatamodeld;
			sourceTree = "<group>";
			versionGroupType = wrapper.xcdatamodel;
		};
/* End XCVersionGroup section */
	};
	rootObject = 048320212A1F545400152A23 /* Project object */;
}
